
Microsoft Visual Studio Solution File, Format Version 12.00
# Visual Studio 15
VisualStudioVersion = 15.0.26730.10
MinimumVisualStudioVersion = 10.0.40219.1
Project("{8BC9CEB8-8B4A-11D0-8D11-00A0C91BC942}") = "Library", "Library\Library.vcxproj", "{99CED587-AC1B-43B9-88A4-C2B0FBC35649}"
EndProject
Global
	GlobalSection(SolutionConfigurationPlatforms) = preSolution
		Debug|x64 = Debug|x64
		Debug|x86 = Debug|x86
		Release|x64 = Release|x64
		Release|x86 = Release|x86
	EndGlobalSection
	GlobalSection(ProjectConfigurationPlatforms) = postSolution
		{99CED587-AC1B-43B9-88A4-C2B0FBC35649}.Debug|x64.ActiveCfg = Debug|x64
		{99CED587-AC1B-43B9-88A4-C2B0FBC35649}.Debug|x64.Build.0 = Debug|x64
		{99CED587-AC1B-43B9-88A4-C2B0FBC35649}.Debug|x86.ActiveCfg = Debug|Win32
		{99CED587-AC1B-43B9-88A4-C2B0FBC35649}.Debug|x86.Build.0 = Debug|Win32
		{99CED587-AC1B-43B9-88A4-C2B0FBC35649}.Release|x64.ActiveCfg = Release|x64
		{99CED587-AC1B-43B9-88A4-C2B0FBC35649}.Release|x64.Build.0 = Release|x64
		{99CED587-AC1B-43B9-88A4-C2B0FBC35649}.Release|x86.ActiveCfg = Release|Win32
		{99CED587-AC1B-43B9-88A4-C2B0FBC35649}.Release|x86.Build.0 = Release|Win32
	EndGlobalSection
	GlobalSection(SolutionProperties) = preSolution
		HideSolutionNode = FALSE
	EndGlobalSection
	GlobalSection(ExtensibilityGlobals) = postSolution
		SolutionGuid = {EDF7FB37-4C43-4758-A411-8D4701A99C24}
	EndGlobalSection
EndGlobal
